{
  "name": "bpmnlint-plugin-custom",
  "version": "0.0.0",
  "lockfileVersion": 2,
  "requires": true,
  "packages": {
    "": {
      "name": "bpmnlint-plugin-custom",
      "version": "0.0.0",
      "license": "MIT",
      "dependencies": {
        "bpmnlint-utils": "^1.0.1"
      }
    },
    "node_modules/bpmnlint-utils": {
      "version": "1.0.2",
      "resolved": "https://registry.npmjs.org/bpmnlint-utils/-/bpmnlint-utils-1.0.2.tgz",
      "integrity": "sha512-+ti0VICOpgYpQgzpF0mwXqDX4NhrQCc2YKy28VjPu7v9sXpdpWEylP+iBw6WlheJFRcXoZh2q/QRLb5DMB3naQ=="
    }
  },
  "dependencies": {
    "bpmnlint-utils": {
      "version": "1.0.2",
      "resolved": "https://registry.npmjs.org/bpmnlint-utils/-/bpmnlint-utils-1.0.2.tgz",
      "integrity": "sha512-+ti0VICOpgYpQgzpF0mwXqDX4NhrQCc2YKy28VjPu7v9sXpdpWEylP+iBw6WlheJFRcXoZh2q/QRLb5DMB3naQ=="
    }
  }
}
